// !$*UTF8*$!
{
	archiveVersion = 1;
	classes = {
	};
	objectVersion = 77;
	objects = {

/* Begin PBXBuildFile section */
		5503FF352FBF313500801522 /* WidgetKit.framework in Frameworks */ = {isa = PBXBuildFile; fileRef = 5503FF162FBF309400801522 /* WidgetKit.framework */; };
		5503FF362FBF313500801522 /* SwiftUI.framework in Frameworks */ = {isa = PBXBuildFile; fileRef = 5503FF182FBF309400801522 /* SwiftUI.framework */; };
		5503FF472FBF313700801522 /* Memory WidgetExtension.appex in Embed Foundation Extensions */ = {isa = PBXBuildFile; fileRef = 5503FF342FBF313500801522 /* Memory WidgetExtension.appex */; settings = {ATTRIBUTES = (RemoveHeadersOnCopy, ); }; };
/* End PBXBuildFile section */

/* Begin PBXContainerItemProxy section */
		5503FF452FBF313700801522 /* PBXContainerItemProxy */ = {
			isa = PBXContainerItemProxy;
			containerPortal = 5538B86F2FBBC3E3004E36A3 /* Project object */;
			proxyType = 1;
			remoteGlobalIDString = 5503FF332FBF313500801522;
			remoteInfo = "Memory WidgetExtension";
		};
		5538B8872FBBC3E5004E36A3 /* PBXContainerItemProxy */ = {
			isa = PBXContainerItemProxy;
			containerPortal = 5538B86F2FBBC3E3004E36A3 /* Project object */;
			proxyType = 1;
			remoteGlobalIDString = 5538B8762FBBC3E3004E36A3;
			remoteInfo = "V App";
		};
		5538B8912FBBC3E5004E36A3 /* PBXContainerItemProxy */ = {
			isa = PBXContainerItemProxy;
			containerPortal = 5538B86F2FBBC3E3004E36A3 /* Project object */;
			proxyType = 1;
			remoteGlobalIDString = 5538B8762FBBC3E3004E36A3;
			remoteInfo = "V App";
		};
/* End PBXContainerItemProxy section */

/* Begin PBXCopyFilesBuildPhase section */
		5503FF2B2FBF309600801522 /* Embed Foundation Extensions */ = {
			isa = PBXCopyFilesBuildPhase;
			buildActionMask = 2147483647;
			dstPath = "";
			dstSubfolderSpec = 13;
			files = (
				5503FF472FBF313700801522 /* Memory WidgetExtension.appex in Embed Foundation Extensions */,
			);
			name = "Embed Foundation Extensions";
			runOnlyForDeploymentPostprocessing = 0;
		};
/* End PBXCopyFilesBuildPhase section */

/* Begin PBXFileReference section */
		5503FF162FBF309400801522 /* WidgetKit.framework */ = {isa = PBXFileReference; lastKnownFileType = wrapper.framework; name = WidgetKit.framework; path = System/Library/Frameworks/WidgetKit.framework; sourceTree = SDKROOT; };
		5503FF182FBF309400801522 /* SwiftUI.framework */ = {isa = PBXFileReference; lastKnownFileType = wrapper.framework; name = SwiftUI.framework; path = System/Library/Frameworks/SwiftUI.framework; sourceTree = SDKROOT; };
		5503FF342FBF313500801522 /* Memory WidgetExtension.appex */ = {isa = PBXFileReference; explicitFileType = "wrapper.app-extension"; includeInIndex = 0; path = "Memory WidgetExtension.appex"; sourceTree = BUILT_PRODUCTS_DIR; };
		5538B8772FBBC3E3004E36A3 /* V App.app */ = {isa = PBXFileReference; explicitFileType = wrapper.application; includeInIndex = 0; path = "V App.app"; sourceTree = BUILT_PRODUCTS_DIR; };
		5538B8862FBBC3E5004E36A3 /* V AppTests.xctest */ = {isa = PBXFileReference; explicitFileType = wrapper.cfbundle; includeInIndex = 0; path = "V AppTests.xctest"; sourceTree = BUILT_PRODUCTS_DIR; };
		5538B8902FBBC3E5004E36A3 /* V AppUITests.xctest */ = {isa = PBXFileReference; explicitFileType = wrapper.cfbundle; includeInIndex = 0; path = "V AppUITests.xctest"; sourceTree = BUILT_PRODUCTS_DIR; };
/* End PBXFileReference section */

/* Begin PBXFileSystemSynchronizedBuildFileExceptionSet section */
		5503FF482FBF313700801522 /* Exceptions for "Memory Widget" folder in "Memory WidgetExtension" target */ = {
			isa = PBXFileSystemSynchronizedBuildFileExceptionSet;
			membershipExceptions = (
				Info.plist,
			);
			target = 5503FF332FBF313500801522 /* Memory WidgetExtension */;
		};
/* End PBXFileSystemSynchronizedBuildFileExceptionSet section */

/* Begin PBXFileSystemSynchronizedRootGroup section */
		5503FF372FBF313500801522 /* Memory Widget */ = {
			isa = PBXFileSystemSynchronizedRootGroup;
			exceptions = (
				5503FF482FBF313700801522 /* Exceptions for "Memory Widget" folder in "Memory WidgetExtension" target */,
			);
			path = "Memory Widget";
			sourceTree = "<group>";
		};
		5538B8792FBBC3E3004E36A3 /* V App */ = {
			isa = PBXFileSystemSynchronizedRootGroup;
			path = "V App";
			sourceTree = "<group>";
		};
		5538B8892FBBC3E5004E36A3 /* V AppTests */ = {
			isa = PBXFileSystemSynchronizedRootGroup;
			path = "V AppTests";
			sourceTree = "<group>";
		};
		5538B8932FBBC3E5004E36A3 /* V AppUITests */ = {
			isa = PBXFileSystemSynchronizedRootGroup;
			path = "V AppUITests";
			sourceTree = "<group>";
		};
		AA00000000000000000001 /* Shared */ = {
			isa = PBXFileSystemSynchronizedRootGroup;
			path = Shared;
			sourceTree = "<group>";
		};
/* End PBXFileSystemSynchronizedRootGroup section */

/* Begin PBXFrameworksBuildPhase section */
		5503FF312FBF313500801522 /* Frameworks */ = {
			isa = PBXFrameworksBuildPhase;
			buildActionMask = 2147483647;
			files = (
				5503FF362FBF313500801522 /* SwiftUI.framework in Frameworks */,
				5503FF352FBF313500801522 /* WidgetKit.framework in Frameworks */,
			);
			runOnlyForDeploymentPostprocessing = 0;
		};
		5538B8742FBBC3E3004E36A3 /* Frameworks */ = {
			isa = PBXFrameworksBuildPhase;
			buildActionMask = 2147483647;
			files = (
			);
			runOnlyForDeploymentPostprocessing = 0;
		};
		5538B8832FBBC3E5004E36A3 /* Frameworks */ = {
			isa = PBXFrameworksBuildPhase;
			buildActionMask = 2147483647;
			files = (
			);
			runOnlyForDeploymentPostprocessing = 0;
		};
		5538B88D2FBBC3E5004E36A3 /* Frameworks */ = {
			isa = PBXFrameworksBuildPhase;
			buildActionMask = 2147483647;
			files = (
			);
			runOnlyForDeploymentPostprocessing = 0;
		};
/* End PBXFrameworksBuildPhase section */

/* Begin PBXGroup section */
		5503FF152FBF309400801522 /* Frameworks */ = {
			isa = PBXGroup;
			children = (
				5503FF162FBF309400801522 /* WidgetKit.framework */,
				5503FF182FBF309400801522 /* SwiftUI.framework */,
			);
			name = Frameworks;
			sourceTree = "<group>";
		};
		5538B86E2FBBC3E3004E36A3 = {
			isa = PBXGroup;
			children = (
				AA00000000000000000001 /* Shared */,
				5538B8792FBBC3E3004E36A3 /* V App */,
				5538B8892FBBC3E5004E36A3 /* V AppTests */,
				5538B8932FBBC3E5004E36A3 /* V AppUITests */,
				5503FF372FBF313500801522 /* Memory Widget */,
				5503FF152FBF309400801522 /* Frameworks */,
				5538B8782FBBC3E3004E36A3 /* Products */,
			);
			sourceTree = "<group>";
		};
		5538B8782FBBC3E3004E36A3 /* Products */ = {
			isa = PBXGroup;
			children = (
				5538B8772FBBC3E3004E36A3 /* V App.app */,
				5538B8862FBBC3E5004E36A3 /* V AppTests.xctest */,
				5538B8902FBBC3E5004E36A3 /* V AppUITests.xctest */,
				5503FF342FBF313500801522 /* Memory WidgetExtension.appex */,
			);
			name = Products;
			sourceTree = "<group>";
		};
/* End PBXGroup section */

/* Begin PBXNativeTarget section */
		5503FF332FBF313500801522 /* Memory WidgetExtension */ = {
			isa = PBXNativeTarget;
			buildConfigurationList = 5503FF492FBF313700801522 /* Build configuration list for PBXNativeTarget "Memory WidgetExtension" */;
			buildPhases = (
				5503FF302FBF313500801522 /* Sources */,
				5503FF312FBF313500801522 /* Frameworks */,
				5503FF322FBF313500801522 /* Resources */,
			);
			buildRules = (
			);
			dependencies = (
			);
			fileSystemSynchronizedGroups = (
				5503FF372FBF313500801522 /* Memory Widget */,
				AA00000000000000000001 /* Shared */,
			);
			name = "Memory WidgetExtension";
			packageProductDependencies = (
			);
			productName = "Memory WidgetExtension";
			productReference = 5503FF342FBF313500801522 /* Memory WidgetExtension.appex */;
			productType = "com.apple.product-type.app-extension";
		};
		5538B8762FBBC3E3004E36A3 /* V App */ = {
			isa = PBXNativeTarget;
			buildConfigurationList = 5538B89A2FBBC3E5004E36A3 /* Build configuration list for PBXNativeTarget "V App" */;
			buildPhases = (
				5538B8732FBBC3E3004E36A3 /* Sources */,
				5538B8742FBBC3E3004E36A3 /* Frameworks */,
				5538B8752FBBC3E3004E36A3 /* Resources */,
				5503FF2B2FBF309600801522 /* Embed Foundation Extensions */,
			);
			buildRules = (
			);
			dependencies = (
				5503FF462FBF313700801522 /* PBXTargetDependency */,
			);
			fileSystemSynchronizedGroups = (
				5538B8792FBBC3E3004E36A3 /* V App */,
				AA00000000000000000001 /* Shared */,
			);
			name = "V App";
			packageProductDependencies = (
			);
			productName = "V App";
			productReference = 5538B8772FBBC3E3004E36A3 /* V App.app */;
			productType = "com.apple.product-type.application";
		};
		5538B8852FBBC3E5004E36A3 /* V AppTests */ = {
			isa = PBXNativeTarget;
			buildConfigurationList = 5538B89D2FBBC3E5004E36A3 /* Build configuration list for PBXNativeTarget "V AppTests" */;
			buildPhases = (
				5538B8822FBBC3E5004E36A3 /* Sources */,
				5538B8832FBBC3E5004E36A3 /* Frameworks */,
				5538B8842FBBC3E5004E36A3 /* Resources */,
			);
			buildRules = (
			);
			dependencies = (
				5538B8882FBBC3E5004E36A3 /* PBXTargetDependency */,
			);
			fileSystemSynchronizedGroups = (
				5538B8892FBBC3E5004E36A3 /* V AppTests */,
			);
			name = "V AppTests";
			packageProductDependencies = (
			);
			productName = "V AppTests";
			productReference = 5538B8862FBBC3E5004E36A3 /* V AppTests.xctest */;
			productType = "com.apple.product-type.bundle.unit-test";
		};
		5538B88F2FBBC3E5004E36A3 /* V AppUITests */ = {
			isa = PBXNativeTarget;
			buildConfigurationList = 5538B8A02FBBC3E5004E36A3 /* Build configuration list for PBXNativeTarget "V AppUITests" */;
			buildPhases = (
				5538B88C2FBBC3E5004E36A3 /* Sources */,
				5538B88D2FBBC3E5004E36A3 /* Frameworks */,
				5538B88E2FBBC3E5004E36A3 /* Resources */,
			);
			buildRules = (
			);
			dependencies = (
				5538B8922FBBC3E5004E36A3 /* PBXTargetDependency */,
			);
			fileSystemSynchronizedGroups = (
				5538B8932FBBC3E5004E36A3 /* V AppUITests */,
			);
			name = "V AppUITests";
			packageProductDependencies = (
			);
			productName = "V AppUITests";
			productReference = 5538B8902FBBC3E5004E36A3 /* V AppUITests.xctest */;
			productType = "com.apple.product-type.bundle.ui-testing";
		};
/* End PBXNativeTarget section */

/* Begin PBXProject section */
		5538B86F2FBBC3E3004E36A3 /* Project object */ = {
			isa = PBXProject;
			attributes = {
				BuildIndependentTargetsInParallel = 1;
				LastSwiftUpdateCheck = 2650;
				LastUpgradeCheck = 2650;
				TargetAttributes = {
					5503FF332FBF313500801522 = {
						CreatedOnToolsVersion = 26.5;
					};
					5538B8762FBBC3E3004E36A3 = {
						CreatedOnToolsVersion = 26.5;
					};
					5538B8852FBBC3E5004E36A3 = {
						CreatedOnToolsVersion = 26.5;
						TestTargetID = 5538B8762FBBC3E3004E36A3;
					};
					5538B88F2FBBC3E5004E36A3 = {
						CreatedOnToolsVersion = 26.5;
						TestTargetID = 5538B8762FBBC3E3004E36A3;
					};
				};
			};
			buildConfigurationList = 5538B8722FBBC3E3004E36A3 /* Build configuration list for PBXProject "V App" */;
			developmentRegion = es;
			hasScannedForEncodings = 0;
			knownRegions = (
				es,
				en,
				fr,
				Base,
			);
			mainGroup = 5538B86E2FBBC3E3004E36A3;
			minimizedProjectReferenceProxies = 1;
			preferredProjectObjectVersion = 77;
			productRefGroup = 5538B8782FBBC3E3004E36A3 /* Products */;
			projectDirPath = "";
			projectRoot = "";
			targets = (
				5538B8762FBBC3E3004E36A3 /* V App */,
				5538B8852FBBC3E5004E36A3 /* V AppTests */,
				5538B88F2FBBC3E5004E36A3 /* V AppUITests */,
				5503FF332FBF313500801522 /* Memory WidgetExtension */,
			);
		};
/* End PBXProject section */

/* Begin PBXResourcesBuildPhase section */
		5503FF322FBF313500801522 /* Resources */ = {
			isa = PBXResourcesBuildPhase;
			buildActionMask = 2147483647;
			files = (
			);
			runOnlyForDeploymentPostprocessing = 0;
		};
		5538B8752FBBC3E3004E36A3 /* Resources */ = {
			isa = PBXResourcesBuildPhase;
			buildActionMask = 2147483647;
			files = (
			);
			runOnlyForDeploymentPostprocessing = 0;
		};
		5538B8842FBBC3E5004E36A3 /* Resources */ = {
			isa = PBXResourcesBuildPhase;
			buildActionMask = 2147483647;
			files = (
			);
			runOnlyForDeploymentPostprocessing = 0;
		};
		5538B88E2FBBC3E5004E36A3 /* Resources */ = {
			isa = PBXResourcesBuildPhase;
			buildActionMask = 2147483647;
			files = (
			);
			runOnlyForDeploymentPostprocessing = 0;
		};
/* End PBXResourcesBuildPhase section */

/* Begin PBXSourcesBuildPhase section */
		5503FF302FBF313500801522 /* Sources */ = {
			isa = PBXSourcesBuildPhase;
			buildActionMask = 2147483647;
			files = (
			);
			runOnlyForDeploymentPostprocessing = 0;
		};
		5538B8732FBBC3E3004E36A3 /* Sources */ = {
			isa = PBXSourcesBuildPhase;
			buildActionMask = 2147483647;
			files = (
			);
			runOnlyForDeploymentPostprocessing = 0;
		};
		5538B8822FBBC3E5004E36A3 /* Sources */ = {
			isa = PBXSourcesBuildPhase;
			buildActionMask = 2147483647;
			files = (
			);
			runOnlyForDeploymentPostprocessing = 0;
		};
		5538B88C2FBBC3E5004E36A3 /* Sources */ = {
			isa = PBXSourcesBuildPhase;
			buildActionMask = 2147483647;
			files = (
			);
			runOnlyForDeploymentPostprocessing = 0;
		};
/* End PBXSourcesBuildPhase section */

/* Begin PBXTargetDependency section */
		5503FF462FBF313700801522 /* PBXTargetDependency */ = {
			isa = PBXTargetDependency;
			target = 5503FF332FBF313500801522 /* Memory WidgetExtension */;
			targetProxy = 5503FF452FBF313700801522 /* PBXContainerItemProxy */;
		};
		5538B8882FBBC3E5004E36A3 /* PBXTargetDependency */ = {
			isa = PBXTargetDependency;
			target = 5538B8762FBBC3E3004E36A3 /* V App */;
			targetProxy = 5538B8872FBBC3E5004E36A3 /* PBXContainerItemProxy */;
		};
		5538B8922FBBC3E5004E36A3 /* PBXTargetDependency */ = {
			isa = PBXTargetDependency;
			target = 5538B8762FBBC3E3004E36A3 /* V App */;
			targetProxy = 5538B8912FBBC3E5004E36A3 /* PBXContainerItemProxy */;
		};
/* End PBXTargetDependency section */

/* Begin XCBuildConfiguration section */
		5503FF4A2FBF313700801522 /* Debug */ = {
			isa = XCBuildConfiguration;
			buildSettings = {
				ASSETCATALOG_COMPILER_GLOBAL_ACCENT_COLOR_NAME = AccentColor;
				ASSETCATALOG_COMPILER_WIDGET_BACKGROUND_COLOR_NAME = WidgetBackground;
				CODE_SIGN_ENTITLEMENTS = "Memory Widget/MemoryWidget.entitlements";
				CODE_SIGN_STYLE = Automatic;
				CURRENT_PROJECT_VERSION = 2;
				DEVELOPMENT_TEAM = 7RK8GQ59R5;
				GENERATE_INFOPLIST_FILE = YES;
				INFOPLIST_FILE = "Memory Widget/Info.plist";
				INFOPLIST_KEY_CFBundleDisplayName = Moments;
				INFOPLIST_KEY_NSHumanReadableCopyright = "";
				IPHONEOS_DEPLOYMENT_TARGET = 18.0;
				LD_RUNPATH_SEARCH_PATHS = (
					"$(inherited)",
					"@executable_path/Frameworks",
					"@executable_path/../../Frameworks",
				);
				MARKETING_VERSION = 1.0;
				PRODUCT_BUNDLE_IDENTIFIER = "axo.V-App.Memory-Widget";
				PRODUCT_NAME = "$(TARGET_NAME)";
				SDKROOT = iphoneos;
				SKIP_INSTALL = YES;
				STRING_CATALOG_GENERATE_SYMBOLS = YES;
				SWIFT_EMIT_LOC_STRINGS = YES;
				SWIFT_VERSION = 5.0;
				TARGETED_DEVICE_FAMILY = 1;
			};
			name = Debug;
		};
		5503FF4B2FBF313700801522 /* Release */ = {
			isa = XCBuildConfiguration;
			buildSettings = {
				ASSETCATALOG_COMPILER_GLOBAL_ACCENT_COLOR_NAME = AccentColor;
				ASSETCATALOG_COMPILER_WIDGET_BACKGROUND_COLOR_NAME = WidgetBackground;
				CODE_SIGN_ENTITLEMENTS = "Memory Widget/MemoryWidget.entitlements";
				CODE_SIGN_STYLE = Automatic;
				CURRENT_PROJECT_VERSION = 2;
				DEVELOPMENT_TEAM = 7RK8GQ59R5;
				GENERATE_INFOPLIST_FILE = YES;
				INFOPLIST_FILE = "Memory Widget/Info.plist";
				INFOPLIST_KEY_CFBundleDisplayName = Moments;
				INFOPLIST_KEY_NSHumanReadableCopyright = "";
				IPHONEOS_DEPLOYMENT_TARGET = 18.0;
				LD_RUNPATH_SEARCH_PATHS = (
					"$(inherited)",
					"@executable_path/Frameworks",
					"@executable_path/../../Frameworks",
				);
				MARKETING_VERSION = 1.0;
				PRODUCT_BUNDLE_IDENTIFIER = "axo.V-App.Memory-Widget";
				PRODUCT_NAME = "$(TARGET_NAME)";
				SDKROOT = iphoneos;
				SKIP_INSTALL = YES;
				STRING_CATALOG_GENERATE_SYMBOLS = YES;
				SWIFT_EMIT_LOC_STRINGS = YES;
				SWIFT_VERSION = 5.0;
				TARGETED_DEVICE_FAMILY = 1;
				VALIDATE_PRODUCT = YES;
			};
			name = Release;
		};
		5538B8982FBBC3E5004E36A3 /* Debug */ = {
			isa = XCBuildConfiguration;
			buildSettings = {
				ALWAYS_SEARCH_USER_PATHS = NO;
				ASSETCATALOG_COMPILER_GENERATE_SWIFT_ASSET_SYMBOL_EXTENSIONS = YES;
				CLANG_ANALYZER_NONNULL = YES;
				CLANG_ANALYZER_NUMBER_OBJECT_CONVERSION = YES_AGGRESSIVE;
				CLANG_CXX_LANGUAGE_STANDARD = "gnu++20";
				CLANG_ENABLE_MODULES = YES;
				CLANG_ENABLE_OBJC_ARC = YES;
				CLANG_ENABLE_OBJC_WEAK = YES;
				CLANG_WARN_BLOCK_CAPTURE_AUTORELEASING = YES;
				CLANG_WARN_BOOL_CONVERSION = YES;
				CLANG_WARN_COMMA = YES;
				CLANG_WARN_CONSTANT_CONVERSION = YES;
				CLANG_WARN_DEPRECATED_OBJC_IMPLEMENTATIONS = YES;
				CLANG_WARN_DIRECT_OBJC_ISA_USAGE = YES_ERROR;
				CLANG_WARN_DOCUMENTATION_COMMENTS = YES;
				CLANG_WARN_EMPTY_BODY = YES;
				CLANG_WARN_ENUM_CONVERSION = YES;
				CLANG_WARN_INFINITE_RECURSION = YES;
				CLANG_WARN_INT_CONVERSION = YES;
				CLANG_WARN_NON_LITERAL_NULL_CONVERSION = YES;
				CLANG_WARN_OBJC_IMPLICIT_RETAIN_SELF = YES;
				CLANG_WARN_OBJC_LITERAL_CONVERSION = YES;
				CLANG_WARN_OBJC_ROOT_CLASS = YES_ERROR;
				CLANG_WARN_QUOTED_INCLUDE_IN_FRAMEWORK_HEADER = YES;
				CLANG_WARN_RANGE_LOOP_ANALYSIS = YES;
				CLANG_WARN_STRICT_PROTOTYPES = YES;
				CLANG_WARN_SUSPICIOUS_MOVE = YES;
				CLANG_WARN_UNGUARDED_AVAILABILITY = YES_AGGRESSIVE;
				CLANG_WARN_UNREACHABLE_CODE = YES;
				CLANG_WARN__DUPLICATE_METHOD_MATCH = YES;
				COPY_PHASE_STRIP = NO;
				DEBUG_INFORMATION_FORMAT = dwarf;
				ENABLE_STRICT_OBJC_MSGSEND = YES;
				ENABLE_TESTABILITY = YES;
				ENABLE_USER_SCRIPT_SANDBOXING = YES;
				GCC_C_LANGUAGE_STANDARD = gnu17;
				GCC_DYNAMIC_NO_PIC = NO;
				GCC_NO_COMMON_BLOCKS = YES;
				GCC_OPTIMIZATION_LEVEL = 0;
				GCC_PREPROCESSOR_DEFINITIONS = (
					"DEBUG=1",
					"$(inherited)",
				);
				GCC_WARN_64_TO_32_BIT_CONVERSION = YES;
				GCC_WARN_ABOUT_RETURN_TYPE = YES_ERROR;
				GCC_WARN_UNDECLARED_SELECTOR = YES;
				GCC_WARN_UNINITIALIZED_AUTOS = YES_AGGRESSIVE;
				GCC_WARN_UNUSED_FUNCTION = YES;
				GCC_WARN_UNUSED_VARIABLE = YES;
				LOCALIZATION_PREFERS_STRING_CATALOGS = YES;
				MTL_ENABLE_DEBUG_INFO = INCLUDE_SOURCE;
				MTL_FAST_MATH = YES;
				ONLY_ACTIVE_ARCH = YES;
				SWIFT_ACTIVE_COMPILATION_CONDITIONS = "DEBUG $(inherited)";
				SWIFT_OPTIMIZATION_LEVEL = "-Onone";
			};
			name = Debug;
		};
		5538B8992FBBC3E5004E36A3 /* Release */ = {
			isa = XCBuildConfiguration;
			buildSettings = {
				ALWAYS_SEARCH_USER_PATHS = NO;
				ASSETCATALOG_COMPILER_GENERATE_SWIFT_ASSET_SYMBOL_EXTENSIONS = YES;
				CLANG_ANALYZER_NONNULL = YES;
				CLANG_ANALYZER_NUMBER_OBJECT_CONVERSION = YES_AGGRESSIVE;
				CLANG_CXX_LANGUAGE_STANDARD = "gnu++20";
				CLANG_ENABLE_MODULES = YES;
				CLANG_ENABLE_OBJC_ARC = YES;
				CLANG_ENABLE_OBJC_WEAK = YES;
				CLANG_WARN_BLOCK_CAPTURE_AUTORELEASING = YES;
				CLANG_WARN_BOOL_CONVERSION = YES;
				CLANG_WARN_COMMA = YES;
				CLANG_WARN_CONSTANT_CONVERSION = YES;
				CLANG_WARN_DEPRECATED_OBJC_IMPLEMENTATIONS = YES;
				CLANG_WARN_DIRECT_OBJC_ISA_USAGE = YES_ERROR;
				CLANG_WARN_DOCUMENTATION_COMMENTS = YES;
				CLANG_WARN_EMPTY_BODY = YES;
				CLANG_WARN_ENUM_CONVERSION = YES;
				CLANG_WARN_INFINITE_RECURSION = YES;
				CLANG_WARN_INT_CONVERSION = YES;
				CLANG_WARN_NON_LITERAL_NULL_CONVERSION = YES;
				CLANG_WARN_OBJC_IMPLICIT_RETAIN_SELF = YES;
				CLANG_WARN_OBJC_LITERAL_CONVERSION = YES;
				CLANG_WARN_OBJC_ROOT_CLASS = YES_ERROR;
				CLANG_WARN_QUOTED_INCLUDE_IN_FRAMEWORK_HEADER = YES;
				CLANG_WARN_RANGE_LOOP_ANALYSIS = YES;
				CLANG_WARN_STRICT_PROTOTYPES = YES;
				CLANG_WARN_SUSPICIOUS_MOVE = YES;
				CLANG_WARN_UNGUARDED_AVAILABILITY = YES_AGGRESSIVE;
				CLANG_WARN_UNREACHABLE_CODE = YES;
				CLANG_WARN__DUPLICATE_METHOD_MATCH = YES;
				COPY_PHASE_STRIP = NO;
				DEBUG_INFORMATION_FORMAT = "dwarf-with-dsym";
				ENABLE_NS_ASSERTIONS = NO;
				ENABLE_STRICT_OBJC_MSGSEND = YES;
				ENABLE_USER_SCRIPT_SANDBOXING = YES;
				GCC_C_LANGUAGE_STANDARD = gnu17;
				GCC_NO_COMMON_BLOCKS = YES;
				GCC_WARN_64_TO_32_BIT_CONVERSION = YES;
				GCC_WARN_ABOUT_RETURN_TYPE = YES_ERROR;
				GCC_WARN_UNDECLARED_SELECTOR = YES;
				GCC_WARN_UNINITIALIZED_AUTOS = YES_AGGRESSIVE;
				GCC_WARN_UNUSED_FUNCTION = YES;
				GCC_WARN_UNUSED_VARIABLE = YES;
				LOCALIZATION_PREFERS_STRING_CATALOGS = YES;
				MTL_ENABLE_DEBUG_INFO = NO;
				MTL_FAST_MATH = YES;
				SWIFT_COMPILATION_MODE = wholemodule;
			};
			name = Release;
		};
		5538B89B2FBBC3E5004E36A3 /* Debug */ = {
			isa = XCBuildConfiguration;
			buildSettings = {
				ASSETCATALOG_COMPILER_APPICON_NAME = AppIcon;
				ASSETCATALOG_COMPILER_GLOBAL_ACCENT_COLOR_NAME = AccentColor;
				CODE_SIGN_ENTITLEMENTS = "V App/V_App.entitlements";
				CODE_SIGN_STYLE = Automatic;
				CURRENT_PROJECT_VERSION = 2;
				DEVELOPMENT_TEAM = 7RK8GQ59R5;
				ENABLE_PREVIEWS = YES;
				GENERATE_INFOPLIST_FILE = YES;
				INFOPLIST_FILE = Info.plist;
				INFOPLIST_KEY_CFBundleDisplayName = Moments;
				INFOPLIST_KEY_LSApplicationCategoryType = "public.app-category.entertainment";
				"INFOPLIST_KEY_UIApplicationSceneManifest_Generation[sdk=iphoneos*]" = YES;
				"INFOPLIST_KEY_UIApplicationSceneManifest_Generation[sdk=iphonesimulator*]" = YES;
				"INFOPLIST_KEY_UIApplicationSupportsIndirectInputEvents[sdk=iphoneos*]" = YES;
				"INFOPLIST_KEY_UIApplicationSupportsIndirectInputEvents[sdk=iphonesimulator*]" = YES;
				"INFOPLIST_KEY_UILaunchScreen_Generation[sdk=iphoneos*]" = YES;
				"INFOPLIST_KEY_UILaunchScreen_Generation[sdk=iphonesimulator*]" = YES;
				"INFOPLIST_KEY_UIStatusBarStyle[sdk=iphoneos*]" = UIStatusBarStyleDefault;
				"INFOPLIST_KEY_UIStatusBarStyle[sdk=iphonesimulator*]" = UIStatusBarStyleDefault;
				INFOPLIST_KEY_UISupportedInterfaceOrientations_iPhone = UIInterfaceOrientationPortrait;
				IPHONEOS_DEPLOYMENT_TARGET = 18.0;
				LD_RUNPATH_SEARCH_PATHS = "@executable_path/Frameworks";
				MARKETING_VERSION = 1.0;
				PRODUCT_BUNDLE_IDENTIFIER = "axo.V-App";
				PRODUCT_NAME = "$(TARGET_NAME)";
				SDKROOT = iphoneos;
				STRING_CATALOG_GENERATE_SYMBOLS = YES;
				SUPPORTED_PLATFORMS = "iphoneos iphonesimulator";
				SWIFT_EMIT_LOC_STRINGS = YES;
				SWIFT_VERSION = 5.0;
				TARGETED_DEVICE_FAMILY = 1;
			};
			name = Debug;
		};
		5538B89C2FBBC3E5004E36A3 /* Release */ = {
			isa = XCBuildConfiguration;
			buildSettings = {
				ASSETCATALOG_COMPILER_APPICON_NAME = AppIcon;
				ASSETCATALOG_COMPILER_GLOBAL_ACCENT_COLOR_NAME = AccentColor;
				CODE_SIGN_ENTITLEMENTS = "V App/V_App.entitlements";
				CODE_SIGN_STYLE = Automatic;
				CURRENT_PROJECT_VERSION = 2;
				DEVELOPMENT_TEAM = 7RK8GQ59R5;
				ENABLE_PREVIEWS = YES;
				GENERATE_INFOPLIST_FILE = YES;
				INFOPLIST_FILE = Info.plist;
				INFOPLIST_KEY_CFBundleDisplayName = Moments;
				INFOPLIST_KEY_LSApplicationCategoryType = "public.app-category.entertainment";
				"INFOPLIST_KEY_UIApplicationSceneManifest_Generation[sdk=iphoneos*]" = YES;
				"INFOPLIST_KEY_UIApplicationSceneManifest_Generation[sdk=iphonesimulator*]" = YES;
				"INFOPLIST_KEY_UIApplicationSupportsIndirectInputEvents[sdk=iphoneos*]" = YES;
				"INFOPLIST_KEY_UIApplicationSupportsIndirectInputEvents[sdk=iphonesimulator*]" = YES;
				"INFOPLIST_KEY_UILaunchScreen_Generation[sdk=iphoneos*]" = YES;
				"INFOPLIST_KEY_UILaunchScreen_Generation[sdk=iphonesimulator*]" = YES;
				"INFOPLIST_KEY_UIStatusBarStyle[sdk=iphoneos*]" = UIStatusBarStyleDefault;
				"INFOPLIST_KEY_UIStatusBarStyle[sdk=iphonesimulator*]" = UIStatusBarStyleDefault;
				INFOPLIST_KEY_UISupportedInterfaceOrientations_iPhone = UIInterfaceOrientationPortrait;
				IPHONEOS_DEPLOYMENT_TARGET = 18.0;
				LD_RUNPATH_SEARCH_PATHS = "@executable_path/Frameworks";
				MARKETING_VERSION = 1.0;
				PRODUCT_BUNDLE_IDENTIFIER = "axo.V-App";
				PRODUCT_NAME = "$(TARGET_NAME)";
				SDKROOT = iphoneos;
				STRING_CATALOG_GENERATE_SYMBOLS = YES;
				SUPPORTED_PLATFORMS = "iphoneos iphonesimulator";
				SWIFT_EMIT_LOC_STRINGS = YES;
				SWIFT_VERSION = 5.0;
				TARGETED_DEVICE_FAMILY = 1;
			};
			name = Release;
		};
		5538B89E2FBBC3E5004E36A3 /* Debug */ = {
			isa = XCBuildConfiguration;
			buildSettings = {
				BUNDLE_LOADER = "$(TEST_HOST)";
				CODE_SIGN_STYLE = Automatic;
				CURRENT_PROJECT_VERSION = 1;
				GENERATE_INFOPLIST_FILE = YES;
				IPHONEOS_DEPLOYMENT_TARGET = 18.0;
				MARKETING_VERSION = 1.0;
				PRODUCT_BUNDLE_IDENTIFIER = "axo.V-AppTests";
				PRODUCT_NAME = "$(TARGET_NAME)";
				SDKROOT = iphoneos;
				STRING_CATALOG_GENERATE_SYMBOLS = NO;
				SUPPORTED_PLATFORMS = "iphoneos iphonesimulator";
				SWIFT_EMIT_LOC_STRINGS = NO;
				SWIFT_VERSION = 5.0;
				TARGETED_DEVICE_FAMILY = 1;
				TEST_HOST = "$(BUILT_PRODUCTS_DIR)/V App.app/$(BUNDLE_EXECUTABLE_FOLDER_PATH)/V App";
			};
			name = Debug;
		};
		5538B89F2FBBC3E5004E36A3 /* Release */ = {
			isa = XCBuildConfiguration;
			buildSettings = {
				BUNDLE_LOADER = "$(TEST_HOST)";
				CODE_SIGN_STYLE = Automatic;
				CURRENT_PROJECT_VERSION = 1;
				GENERATE_INFOPLIST_FILE = YES;
				IPHONEOS_DEPLOYMENT_TARGET = 18.0;
				MARKETING_VERSION = 1.0;
				PRODUCT_BUNDLE_IDENTIFIER = "axo.V-AppTests";
				PRODUCT_NAME = "$(TARGET_NAME)";
				SDKROOT = iphoneos;
				STRING_CATALOG_GENERATE_SYMBOLS = NO;
				SUPPORTED_PLATFORMS = "iphoneos iphonesimulator";
				SWIFT_EMIT_LOC_STRINGS = NO;
				SWIFT_VERSION = 5.0;
				TARGETED_DEVICE_FAMILY = 1;
				TEST_HOST = "$(BUILT_PRODUCTS_DIR)/V App.app/$(BUNDLE_EXECUTABLE_FOLDER_PATH)/V App";
			};
			name = Release;
		};
		5538B8A12FBBC3E5004E36A3 /* Debug */ = {
			isa = XCBuildConfiguration;
			buildSettings = {
				CODE_SIGN_STYLE = Automatic;
				CURRENT_PROJECT_VERSION = 1;
				GENERATE_INFOPLIST_FILE = YES;
				IPHONEOS_DEPLOYMENT_TARGET = 18.0;
				MARKETING_VERSION = 1.0;
				PRODUCT_BUNDLE_IDENTIFIER = "axo.V-AppUITests";
				PRODUCT_NAME = "$(TARGET_NAME)";
				SDKROOT = iphoneos;
				STRING_CATALOG_GENERATE_SYMBOLS = NO;
				SUPPORTED_PLATFORMS = "iphoneos iphonesimulator";
				SWIFT_EMIT_LOC_STRINGS = NO;
				SWIFT_VERSION = 5.0;
				TARGETED_DEVICE_FAMILY = 1;
				TEST_TARGET_NAME = "V App";
			};
			name = Debug;
		};
		5538B8A22FBBC3E5004E36A3 /* Release */ = {
			isa = XCBuildConfiguration;
			buildSettings = {
				CODE_SIGN_STYLE = Automatic;
				CURRENT_PROJECT_VERSION = 1;
				GENERATE_INFOPLIST_FILE = YES;
				IPHONEOS_DEPLOYMENT_TARGET = 18.0;
				MARKETING_VERSION = 1.0;
				PRODUCT_BUNDLE_IDENTIFIER = "axo.V-AppUITests";
				PRODUCT_NAME = "$(TARGET_NAME)";
				SDKROOT = iphoneos;
				STRING_CATALOG_GENERATE_SYMBOLS = NO;
				SUPPORTED_PLATFORMS = "iphoneos iphonesimulator";
				SWIFT_EMIT_LOC_STRINGS = NO;
				SWIFT_VERSION = 5.0;
				TARGETED_DEVICE_FAMILY = 1;
				TEST_TARGET_NAME = "V App";
			};
			name = Release;
		};
/* End XCBuildConfiguration section */

/* Begin XCConfigurationList section */
		5503FF492FBF313700801522 /* Build configuration list for PBXNativeTarget "Memory WidgetExtension" */ = {
			isa = XCConfigurationList;
			buildConfigurations = (
				5503FF4A2FBF313700801522 /* Debug */,
				5503FF4B2FBF313700801522 /* Release */,
			);
			defaultConfigurationIsVisible = 0;
			defaultConfigurationName = Release;
		};
		5538B8722FBBC3E3004E36A3 /* Build configuration list for PBXProject "V App" */ = {
			isa = XCConfigurationList;
			buildConfigurations = (
				5538B8982FBBC3E5004E36A3 /* Debug */,
				5538B8992FBBC3E5004E36A3 /* Release */,
			);
			defaultConfigurationIsVisible = 0;
			defaultConfigurationName = Release;
		};
		5538B89A2FBBC3E5004E36A3 /* Build configuration list for PBXNativeTarget "V App" */ = {
			isa = XCConfigurationList;
			buildConfigurations = (
				5538B89B2FBBC3E5004E36A3 /* Debug */,
				5538B89C2FBBC3E5004E36A3 /* Release */,
			);
			defaultConfigurationIsVisible = 0;
			defaultConfigurationName = Release;
		};
		5538B89D2FBBC3E5004E36A3 /* Build configuration list for PBXNativeTarget "V AppTests" */ = {
			isa = XCConfigurationList;
			buildConfigurations = (
				5538B89E2FBBC3E5004E36A3 /* Debug */,
				5538B89F2FBBC3E5004E36A3 /* Release */,
			);
			defaultConfigurationIsVisible = 0;
			defaultConfigurationName = Release;
		};
		5538B8A02FBBC3E5004E36A3 /* Build configuration list for PBXNativeTarget "V AppUITests" */ = {
			isa = XCConfigurationList;
			buildConfigurations = (
				5538B8A12FBBC3E5004E36A3 /* Debug */,
				5538B8A22FBBC3E5004E36A3 /* Release */,
			);
			defaultConfigurationIsVisible = 0;
			defaultConfigurationName = Release;
		};
/* End XCConfigurationList section */
	};
	rootObject = 5538B86F2FBBC3E3004E36A3 /* Project object */;
}
